// !$*UTF8*$!
{
	archiveVersion = 1;
	classes = {
	};
	objectVersion = 56;
	objects = {

/* Begin PBXBuildFile section */
		B10000000000000000000001 /* MeTubeIOSApp.swift in Sources */ = {isa = PBXBuildFile; fileRef = A10000000000000000000101 /* MeTubeIOSApp.swift */; };
		B10000000000000000000002 /* MobileSheetDestination.swift in Sources */ = {isa = PBXBuildFile; fileRef = A10000000000000000000102 /* MobileSheetDestination.swift */; };
		B10000000000000000000003 /* MobileBrowserController.swift in Sources */ = {isa = PBXBuildFile; fileRef = A10000000000000000000103 /* MobileBrowserController.swift */; };
		B10000000000000000000004 /* MobileBrowserView.swift in Sources */ = {isa = PBXBuildFile; fileRef = A10000000000000000000104 /* MobileBrowserView.swift */; };
		B10000000000000000000005 /* MobileContentView.swift in Sources */ = {isa = PBXBuildFile; fileRef = A10000000000000000000105 /* MobileContentView.swift */; };
		B10000000000000000000006 /* MobileBrowserToolbar.swift in Sources */ = {isa = PBXBuildFile; fileRef = A10000000000000000000106 /* MobileBrowserToolbar.swift */; };
		B10000000000000000000007 /* MobileWelcomeView.swift in Sources */ = {isa = PBXBuildFile; fileRef = A10000000000000000000107 /* MobileWelcomeView.swift */; };
		B10000000000000000000008 /* MobileSettingsView.swift in Sources */ = {isa = PBXBuildFile; fileRef = A10000000000000000000108 /* MobileSettingsView.swift */; };
		B10000000000000000000009 /* MobileStatusBanner.swift in Sources */ = {isa = PBXBuildFile; fileRef = A10000000000000000000109 /* MobileStatusBanner.swift */; };
		B1000000000000000000000A /* YouTubeVideo.swift in Sources */ = {isa = PBXBuildFile; fileRef = A1000000000000000000010C /* YouTubeVideo.swift */; };
		B1000000000000000000000B /* PlaybackExperience.swift in Sources */ = {isa = PBXBuildFile; fileRef = A1000000000000000000010D /* PlaybackExperience.swift */; };
		B1000000000000000000000C /* YouTubeURLParser.swift in Sources */ = {isa = PBXBuildFile; fileRef = A1000000000000000000010E /* YouTubeURLParser.swift */; };
		B1000000000000000000000D /* AdBlocker.swift in Sources */ = {isa = PBXBuildFile; fileRef = A1000000000000000000010F /* AdBlocker.swift */; };
		B1000000000000000000000E /* PlayerPage.swift in Sources */ = {isa = PBXBuildFile; fileRef = A10000000000000000000110 /* PlayerPage.swift */; };
		B1000000000000000000000F /* Assets.xcassets in Resources */ = {isa = PBXBuildFile; fileRef = A1000000000000000000010B /* Assets.xcassets */; };
/* End PBXBuildFile section */

/* Begin PBXFileReference section */
		A10000000000000000000010 /* MeTube.app */ = {isa = PBXFileReference; explicitFileType = wrapper.application; includeInIndex = 0; path = MeTube.app; sourceTree = BUILT_PRODUCTS_DIR; };
		A10000000000000000000101 /* MeTubeIOSApp.swift */ = {isa = PBXFileReference; lastKnownFileType = sourcecode.swift; path = MeTubeIOSApp.swift; sourceTree = "<group>"; };
		A10000000000000000000102 /* MobileSheetDestination.swift */ = {isa = PBXFileReference; lastKnownFileType = sourcecode.swift; path = MobileSheetDestination.swift; sourceTree = "<group>"; };
		A10000000000000000000103 /* MobileBrowserController.swift */ = {isa = PBXFileReference; lastKnownFileType = sourcecode.swift; path = MobileBrowserController.swift; sourceTree = "<group>"; };
		A10000000000000000000104 /* MobileBrowserView.swift */ = {isa = PBXFileReference; lastKnownFileType = sourcecode.swift; path = MobileBrowserView.swift; sourceTree = "<group>"; };
		A10000000000000000000105 /* MobileContentView.swift */ = {isa = PBXFileReference; lastKnownFileType = sourcecode.swift; path = MobileContentView.swift; sourceTree = "<group>"; };
		A10000000000000000000106 /* MobileBrowserToolbar.swift */ = {isa = PBXFileReference; lastKnownFileType = sourcecode.swift; path = MobileBrowserToolbar.swift; sourceTree = "<group>"; };
		A10000000000000000000107 /* MobileWelcomeView.swift */ = {isa = PBXFileReference; lastKnownFileType = sourcecode.swift; path = MobileWelcomeView.swift; sourceTree = "<group>"; };
		A10000000000000000000108 /* MobileSettingsView.swift */ = {isa = PBXFileReference; lastKnownFileType = sourcecode.swift; path = MobileSettingsView.swift; sourceTree = "<group>"; };
		A10000000000000000000109 /* MobileStatusBanner.swift */ = {isa = PBXFileReference; lastKnownFileType = sourcecode.swift; path = MobileStatusBanner.swift; sourceTree = "<group>"; };
		A1000000000000000000010A /* Info.plist */ = {isa = PBXFileReference; lastKnownFileType = text.plist.xml; path = Info.plist; sourceTree = "<group>"; };
		A1000000000000000000010B /* Assets.xcassets */ = {isa = PBXFileReference; lastKnownFileType = folder.assetcatalog; path = Assets.xcassets; sourceTree = "<group>"; };
		A1000000000000000000010C /* YouTubeVideo.swift */ = {isa = PBXFileReference; lastKnownFileType = sourcecode.swift; name = YouTubeVideo.swift; path = ../Sources/MeTube/Models/YouTubeVideo.swift; sourceTree = SOURCE_ROOT; };
		A1000000000000000000010D /* PlaybackExperience.swift */ = {isa = PBXFileReference; lastKnownFileType = sourcecode.swift; name = PlaybackExperience.swift; path = ../Sources/MeTube/Models/PlaybackExperience.swift; sourceTree = SOURCE_ROOT; };
		A1000000000000000000010E /* YouTubeURLParser.swift */ = {isa = PBXFileReference; lastKnownFileType = sourcecode.swift; name = YouTubeURLParser.swift; path = ../Sources/MeTube/Services/YouTubeURLParser.swift; sourceTree = SOURCE_ROOT; };
		A1000000000000000000010F /* AdBlocker.swift */ = {isa = PBXFileReference; lastKnownFileType = sourcecode.swift; name = AdBlocker.swift; path = ../Sources/MeTube/Services/AdBlocker.swift; sourceTree = SOURCE_ROOT; };
		A10000000000000000000110 /* PlayerPage.swift */ = {isa = PBXFileReference; lastKnownFileType = sourcecode.swift; name = PlayerPage.swift; path = ../Sources/MeTube/Support/PlayerPage.swift; sourceTree = SOURCE_ROOT; };
/* End PBXFileReference section */

/* Begin PBXFrameworksBuildPhase section */
		C10000000000000000000002 /* Frameworks */ = {
			isa = PBXFrameworksBuildPhase;
			buildActionMask = 2147483647;
			files = (
			);
			runOnlyForDeploymentPostprocessing = 0;
		};
/* End PBXFrameworksBuildPhase section */

/* Begin PBXGroup section */
		A10000000000000000000002 = {
			isa = PBXGroup;
			children = (
				A10000000000000000000004 /* MeTube-iOS */,
				A1000000000000000000000A /* Shared */,
				A10000000000000000000003 /* Products */,
			);
			sourceTree = "<group>";
		};
		A10000000000000000000003 /* Products */ = {
			isa = PBXGroup;
			children = (
				A10000000000000000000010 /* MeTube.app */,
			);
			name = Products;
			sourceTree = "<group>";
		};
		A10000000000000000000004 /* MeTube-iOS */ = {
			isa = PBXGroup;
			children = (
				A10000000000000000000005 /* App */,
				A10000000000000000000006 /* Models */,
				A10000000000000000000007 /* Services */,
				A10000000000000000000008 /* Views */,
				A10000000000000000000009 /* Resources */,
				A1000000000000000000010A /* Info.plist */,
			);
			path = MeTube-iOS;
			sourceTree = "<group>";
		};
		A10000000000000000000005 /* App */ = {
			isa = PBXGroup;
			children = (
				A10000000000000000000101 /* MeTubeIOSApp.swift */,
			);
			path = App;
			sourceTree = "<group>";
		};
		A10000000000000000000006 /* Models */ = {
			isa = PBXGroup;
			children = (
				A10000000000000000000102 /* MobileSheetDestination.swift */,
			);
			path = Models;
			sourceTree = "<group>";
		};
		A10000000000000000000007 /* Services */ = {
			isa = PBXGroup;
			children = (
				A10000000000000000000103 /* MobileBrowserController.swift */,
			);
			path = Services;
			sourceTree = "<group>";
		};
		A10000000000000000000008 /* Views */ = {
			isa = PBXGroup;
			children = (
				A10000000000000000000104 /* MobileBrowserView.swift */,
				A10000000000000000000105 /* MobileContentView.swift */,
				A10000000000000000000106 /* MobileBrowserToolbar.swift */,
				A10000000000000000000107 /* MobileWelcomeView.swift */,
				A10000000000000000000108 /* MobileSettingsView.swift */,
				A10000000000000000000109 /* MobileStatusBanner.swift */,
			);
			path = Views;
			sourceTree = "<group>";
		};
		A10000000000000000000009 /* Resources */ = {
			isa = PBXGroup;
			children = (
				A1000000000000000000010B /* Assets.xcassets */,
			);
			path = Resources;
			sourceTree = "<group>";
		};
		A1000000000000000000000A /* Shared */ = {
			isa = PBXGroup;
			children = (
				A1000000000000000000010C /* YouTubeVideo.swift */,
				A1000000000000000000010D /* PlaybackExperience.swift */,
				A1000000000000000000010E /* YouTubeURLParser.swift */,
				A1000000000000000000010F /* AdBlocker.swift */,
				A10000000000000000000110 /* PlayerPage.swift */,
			);
			name = Shared;
			sourceTree = "<group>";
		};
/* End PBXGroup section */

/* Begin PBXNativeTarget section */
		D10000000000000000000001 /* MeTube-iOS */ = {
			isa = PBXNativeTarget;
			buildConfigurationList = E10000000000000000000002 /* Build configuration list for PBXNativeTarget "MeTube-iOS" */;
			buildPhases = (
				C10000000000000000000001 /* Sources */,
				C10000000000000000000002 /* Frameworks */,
				C10000000000000000000003 /* Resources */,
			);
			buildRules = (
			);
			dependencies = (
			);
			name = "MeTube-iOS";
			productName = MeTube;
			productReference = A10000000000000000000010 /* MeTube.app */;
			productType = "com.apple.product-type.application";
		};
/* End PBXNativeTarget section */

/* Begin PBXProject section */
		A10000000000000000000001 /* Project object */ = {
			isa = PBXProject;
			attributes = {
				BuildIndependentTargetsInParallel = 1;
				LastSwiftUpdateCheck = 2650;
				LastUpgradeCheck = 2650;
				TargetAttributes = {
					D10000000000000000000001 = {
						CreatedOnToolsVersion = 26.5;
					};
				};
			};
			buildConfigurationList = E10000000000000000000001 /* Build configuration list for PBXProject "MeTube-iOS" */;
			compatibilityVersion = "Xcode 14.0";
			developmentRegion = en;
			hasScannedForEncodings = 0;
			knownRegions = (
				en,
				Base,
			);
			mainGroup = A10000000000000000000002;
			productRefGroup = A10000000000000000000003 /* Products */;
			projectDirPath = "";
			projectRoot = "";
			targets = (
				D10000000000000000000001 /* MeTube-iOS */,
			);
		};
/* End PBXProject section */

/* Begin PBXResourcesBuildPhase section */
		C10000000000000000000003 /* Resources */ = {
			isa = PBXResourcesBuildPhase;
			buildActionMask = 2147483647;
			files = (
				B1000000000000000000000F /* Assets.xcassets in Resources */,
			);
			runOnlyForDeploymentPostprocessing = 0;
		};
/* End PBXResourcesBuildPhase section */

/* Begin PBXSourcesBuildPhase section */
		C10000000000000000000001 /* Sources */ = {
			isa = PBXSourcesBuildPhase;
			buildActionMask = 2147483647;
			files = (
				B10000000000000000000001 /* MeTubeIOSApp.swift in Sources */,
				B10000000000000000000002 /* MobileSheetDestination.swift in Sources */,
				B10000000000000000000003 /* MobileBrowserController.swift in Sources */,
				B10000000000000000000004 /* MobileBrowserView.swift in Sources */,
				B10000000000000000000005 /* MobileContentView.swift in Sources */,
				B10000000000000000000006 /* MobileBrowserToolbar.swift in Sources */,
				B10000000000000000000007 /* MobileWelcomeView.swift in Sources */,
				B10000000000000000000008 /* MobileSettingsView.swift in Sources */,
				B10000000000000000000009 /* MobileStatusBanner.swift in Sources */,
				B1000000000000000000000A /* YouTubeVideo.swift in Sources */,
				B1000000000000000000000B /* PlaybackExperience.swift in Sources */,
				B1000000000000000000000C /* YouTubeURLParser.swift in Sources */,
				B1000000000000000000000D /* AdBlocker.swift in Sources */,
				B1000000000000000000000E /* PlayerPage.swift in Sources */,
			);
			runOnlyForDeploymentPostprocessing = 0;
		};
/* End PBXSourcesBuildPhase section */

/* Begin XCBuildConfiguration section */
		F10000000000000000000001 /* Debug */ = {
			isa = XCBuildConfiguration;
			buildSettings = {
				ALWAYS_SEARCH_USER_PATHS = NO;
				CLANG_ANALYZER_NONNULL = YES;
				CLANG_ENABLE_MODULES = YES;
				CLANG_ENABLE_OBJC_ARC = YES;
				CLANG_WARN_BLOCK_CAPTURE_AUTORELEASING = YES;
				CLANG_WARN_BOOL_CONVERSION = YES;
				CLANG_WARN_COMMA = YES;
				CLANG_WARN_CONSTANT_CONVERSION = YES;
				CLANG_WARN_DEPRECATED_OBJC_IMPLEMENTATIONS = YES;
				CLANG_WARN_DIRECT_OBJC_ISA_USAGE = YES_ERROR;
				CLANG_WARN_DOCUMENTATION_COMMENTS = YES;
				CLANG_WARN_EMPTY_BODY = YES;
				CLANG_WARN_ENUM_CONVERSION = YES;
				CLANG_WARN_INFINITE_RECURSION = YES;
				CLANG_WARN_INT_CONVERSION = YES;
				CLANG_WARN_NON_LITERAL_NULL_CONVERSION = YES;
				CLANG_WARN_OBJC_IMPLICIT_RETAIN_SELF = YES;
				CLANG_WARN_OBJC_LITERAL_CONVERSION = YES;
				CLANG_WARN_OBJC_ROOT_CLASS = YES_ERROR;
				CLANG_WARN_QUOTED_INCLUDE_IN_FRAMEWORK_HEADER = YES;
				CLANG_WARN_RANGE_LOOP_ANALYSIS = YES;
				CLANG_WARN_STRICT_PROTOTYPES = YES;
				CLANG_WARN_SUSPICIOUS_MOVE = YES;
				CLANG_WARN_UNGUARDED_AVAILABILITY = YES_AGGRESSIVE;
				CLANG_WARN_UNREACHABLE_CODE = YES;
				CLANG_WARN__DUPLICATE_METHOD_MATCH = YES;
				COPY_PHASE_STRIP = NO;
				DEBUG_INFORMATION_FORMAT = dwarf;
				ENABLE_STRICT_OBJC_MSGSEND = YES;
				ENABLE_TESTABILITY = YES;
				GCC_C_LANGUAGE_STANDARD = gnu17;
				GCC_NO_COMMON_BLOCKS = YES;
				GCC_OPTIMIZATION_LEVEL = 0;
				GCC_PREPROCESSOR_DEFINITIONS = (
					"DEBUG=1",
					"$(inherited)",
				);
				GCC_WARN_64_TO_32_BIT_CONVERSION = YES;
				GCC_WARN_ABOUT_RETURN_TYPE = YES_ERROR;
				GCC_WARN_UNDECLARED_SELECTOR = YES;
				GCC_WARN_UNINITIALIZED_AUTOS = YES_AGGRESSIVE;
				GCC_WARN_UNUSED_FUNCTION = YES;
				GCC_WARN_UNUSED_VARIABLE = YES;
				IPHONEOS_DEPLOYMENT_TARGET = 17.0;
				MTL_ENABLE_DEBUG_INFO = INCLUDE_SOURCE;
				MTL_FAST_MATH = YES;
				ONLY_ACTIVE_ARCH = YES;
				SDKROOT = iphoneos;
				SWIFT_ACTIVE_COMPILATION_CONDITIONS = "DEBUG $(inherited)";
				SWIFT_OPTIMIZATION_LEVEL = "-Onone";
			};
			name = Debug;
		};
		F10000000000000000000002 /* Release */ = {
			isa = XCBuildConfiguration;
			buildSettings = {
				ALWAYS_SEARCH_USER_PATHS = NO;
				CLANG_ANALYZER_NONNULL = YES;
				CLANG_ENABLE_MODULES = YES;
				CLANG_ENABLE_OBJC_ARC = YES;
				CLANG_WARN_BLOCK_CAPTURE_AUTORELEASING = YES;
				CLANG_WARN_BOOL_CONVERSION = YES;
				CLANG_WARN_COMMA = YES;
				CLANG_WARN_CONSTANT_CONVERSION = YES;
				CLANG_WARN_DEPRECATED_OBJC_IMPLEMENTATIONS = YES;
				CLANG_WARN_DIRECT_OBJC_ISA_USAGE = YES_ERROR;
				CLANG_WARN_DOCUMENTATION_COMMENTS = YES;
				CLANG_WARN_EMPTY_BODY = YES;
				CLANG_WARN_ENUM_CONVERSION = YES;
				CLANG_WARN_INFINITE_RECURSION = YES;
				CLANG_WARN_INT_CONVERSION = YES;
				CLANG_WARN_NON_LITERAL_NULL_CONVERSION = YES;
				CLANG_WARN_OBJC_IMPLICIT_RETAIN_SELF = YES;
				CLANG_WARN_OBJC_LITERAL_CONVERSION = YES;
				CLANG_WARN_OBJC_ROOT_CLASS = YES_ERROR;
				CLANG_WARN_QUOTED_INCLUDE_IN_FRAMEWORK_HEADER = YES;
				CLANG_WARN_RANGE_LOOP_ANALYSIS = YES;
				CLANG_WARN_STRICT_PROTOTYPES = YES;
				CLANG_WARN_SUSPICIOUS_MOVE = YES;
				CLANG_WARN_UNGUARDED_AVAILABILITY = YES_AGGRESSIVE;
				CLANG_WARN_UNREACHABLE_CODE = YES;
				CLANG_WARN__DUPLICATE_METHOD_MATCH = YES;
				COPY_PHASE_STRIP = NO;
				DEBUG_INFORMATION_FORMAT = "dwarf-with-dsym";
				ENABLE_NS_ASSERTIONS = NO;
				ENABLE_STRICT_OBJC_MSGSEND = YES;
				GCC_C_LANGUAGE_STANDARD = gnu17;
				GCC_NO_COMMON_BLOCKS = YES;
				GCC_WARN_64_TO_32_BIT_CONVERSION = YES;
				GCC_WARN_ABOUT_RETURN_TYPE = YES_ERROR;
				GCC_WARN_UNDECLARED_SELECTOR = YES;
				GCC_WARN_UNINITIALIZED_AUTOS = YES_AGGRESSIVE;
				GCC_WARN_UNUSED_FUNCTION = YES;
				GCC_WARN_UNUSED_VARIABLE = YES;
				IPHONEOS_DEPLOYMENT_TARGET = 17.0;
				MTL_ENABLE_DEBUG_INFO = NO;
				MTL_FAST_MATH = YES;
				SDKROOT = iphoneos;
				SWIFT_COMPILATION_MODE = wholemodule;
				VALIDATE_PRODUCT = YES;
			};
			name = Release;
		};
		F10000000000000000000003 /* Debug */ = {
			isa = XCBuildConfiguration;
			buildSettings = {
				ASSETCATALOG_COMPILER_APPICON_NAME = AppIcon;
				ASSETCATALOG_COMPILER_GLOBAL_ACCENT_COLOR_NAME = AccentColor;
				CODE_SIGN_STYLE = Automatic;
				CURRENT_PROJECT_VERSION = 1;
				DEVELOPMENT_ASSET_PATHS = "";
				ENABLE_PREVIEWS = YES;
				GENERATE_INFOPLIST_FILE = NO;
				INFOPLIST_FILE = "MeTube-iOS/Info.plist";
				IPHONEOS_DEPLOYMENT_TARGET = 17.0;
				LD_RUNPATH_SEARCH_PATHS = (
					"$(inherited)",
					"@executable_path/Frameworks",
				);
				MARKETING_VERSION = 0.1.0;
				PRODUCT_BUNDLE_IDENTIFIER = dev.bunn.metube;
				PRODUCT_NAME = MeTube;
				SUPPORTED_PLATFORMS = "iphoneos iphonesimulator";
				SUPPORTS_MACCATALYST = NO;
				SWIFT_EMIT_LOC_STRINGS = YES;
				SWIFT_STRICT_CONCURRENCY = complete;
				SWIFT_VERSION = 6.0;
				TARGETED_DEVICE_FAMILY = "1,2";
			};
			name = Debug;
		};
		F10000000000000000000004 /* Release */ = {
			isa = XCBuildConfiguration;
			buildSettings = {
				ASSETCATALOG_COMPILER_APPICON_NAME = AppIcon;
				ASSETCATALOG_COMPILER_GLOBAL_ACCENT_COLOR_NAME = AccentColor;
				CODE_SIGN_STYLE = Automatic;
				CURRENT_PROJECT_VERSION = 1;
				ENABLE_PREVIEWS = YES;
				GENERATE_INFOPLIST_FILE = NO;
				INFOPLIST_FILE = "MeTube-iOS/Info.plist";
				IPHONEOS_DEPLOYMENT_TARGET = 17.0;
				LD_RUNPATH_SEARCH_PATHS = (
					"$(inherited)",
					"@executable_path/Frameworks",
				);
				MARKETING_VERSION = 0.1.0;
				PRODUCT_BUNDLE_IDENTIFIER = dev.bunn.metube;
				PRODUCT_NAME = MeTube;
				SUPPORTED_PLATFORMS = "iphoneos iphonesimulator";
				SUPPORTS_MACCATALYST = NO;
				SWIFT_EMIT_LOC_STRINGS = YES;
				SWIFT_STRICT_CONCURRENCY = complete;
				SWIFT_VERSION = 6.0;
				TARGETED_DEVICE_FAMILY = "1,2";
			};
			name = Release;
		};
/* End XCBuildConfiguration section */

/* Begin XCConfigurationList section */
		E10000000000000000000001 /* Build configuration list for PBXProject "MeTube-iOS" */ = {
			isa = XCConfigurationList;
			buildConfigurations = (
				F10000000000000000000001 /* Debug */,
				F10000000000000000000002 /* Release */,
			);
			defaultConfigurationIsVisible = 0;
			defaultConfigurationName = Release;
		};
		E10000000000000000000002 /* Build configuration list for PBXNativeTarget "MeTube-iOS" */ = {
			isa = XCConfigurationList;
			buildConfigurations = (
				F10000000000000000000003 /* Debug */,
				F10000000000000000000004 /* Release */,
			);
			defaultConfigurationIsVisible = 0;
			defaultConfigurationName = Release;
		};
/* End XCConfigurationList section */
	};
	rootObject = A10000000000000000000001 /* Project object */;
}
